
Microsoft Visual Studio Solution File, Format Version 12.00
# Visual Studio Version 16
VisualStudioVersion = 16.0.31410.223
MinimumVisualStudioVersion = 10.0.40219.1
Project("{FAE04EC0-301F-11D3-BF4B-00C04F79EFBC}") = "RenderFragmentDemo.Server", "RenderFragmentDemo\Server\RenderFragmentDemo.Server.csproj", "{B9427F37-C519-4951-BF18-33E436F12FED}"
EndProject
Project("{FAE04EC0-301F-11D3-BF4B-00C04F79EFBC}") = "RenderFragmentDemo.Client", "RenderFragmentDemo\Client\RenderFragmentDemo.Client.csproj", "{4F6F5D7F-9D1F-4006-AE58-EC45628DA90B}"
EndProject
Project("{FAE04EC0-301F-11D3-BF4B-00C04F79EFBC}") = "RenderFragmentDemo.Shared", "RenderFragmentDemo\Shared\RenderFragmentDemo.Shared.csproj", "{8DECE5CE-988F-4F54-B7BD-F40D5E7B0150}"
EndProject
Global
	GlobalSection(SolutionConfigurationPlatforms) = preSolution
		Debug|Any CPU = Debug|Any CPU
		Release|Any CPU = Release|Any CPU
	EndGlobalSection
	GlobalSection(ProjectConfigurationPlatforms) = postSolution
		{B9427F37-C519-4951-BF18-33E436F12FED}.Debug|Any CPU.ActiveCfg = Debug|Any CPU
		{B9427F37-C519-4951-BF18-33E436F12FED}.Debug|Any CPU.Build.0 = Debug|Any CPU
		{B9427F37-C519-4951-BF18-33E436F12FED}.Release|Any CPU.ActiveCfg = Release|Any CPU
		{B9427F37-C519-4951-BF18-33E436F12FED}.Release|Any CPU.Build.0 = Release|Any CPU
		{4F6F5D7F-9D1F-4006-AE58-EC45628DA90B}.Debug|Any CPU.ActiveCfg = Debug|Any CPU
		{4F6F5D7F-9D1F-4006-AE58-EC45628DA90B}.Debug|Any CPU.Build.0 = Debug|Any CPU
		{4F6F5D7F-9D1F-4006-AE58-EC45628DA90B}.Release|Any CPU.ActiveCfg = Release|Any CPU
		{4F6F5D7F-9D1F-4006-AE58-EC45628DA90B}.Release|Any CPU.Build.0 = Release|Any CPU
		{8DECE5CE-988F-4F54-B7BD-F40D5E7B0150}.Debug|Any CPU.ActiveCfg = Debug|Any CPU
		{8DECE5CE-988F-4F54-B7BD-F40D5E7B0150}.Debug|Any CPU.Build.0 = Debug|Any CPU
		{8DECE5CE-988F-4F54-B7BD-F40D5E7B0150}.Release|Any CPU.ActiveCfg = Release|Any CPU
		{8DECE5CE-988F-4F54-B7BD-F40D5E7B0150}.Release|Any CPU.Build.0 = Release|Any CPU
	EndGlobalSection
	GlobalSection(SolutionProperties) = preSolution
		HideSolutionNode = FALSE
	EndGlobalSection
	GlobalSection(ExtensibilityGlobals) = postSolution
		SolutionGuid = {B4B39CB9-CAA8-4D84-AB9E-692FCADE5F6A}
	EndGlobalSection
EndGlobal
